Microsoft Visual Studio Solution File, Format Version 12.00
# Visual Studio 2012
Project("{FAE04EC0-301F-11D3-BF4B-00C04F79EFBC}") = "Dusk Is Done", "Dusk Is Done.csproj", "{E998AD58-97A2-42E4-A6D1-B2A7FCCE16D2}"
EndProject
Global
	GlobalSection(SolutionConfigurationPlatforms) = preSolution
	Debug|Any CPU = Debug|Any CPU
	ExportDebug|Any CPU = ExportDebug|Any CPU
	ExportRelease|Any CPU = ExportRelease|Any CPU
	EndGlobalSection
	GlobalSection(ProjectConfigurationPlatforms) = postSolution
		{E998AD58-97A2-42E4-A6D1-B2A7FCCE16D2}.Debug|Any CPU.ActiveCfg = Debug|Any CPU
		{E998AD58-97A2-42E4-A6D1-B2A7FCCE16D2}.Debug|Any CPU.Build.0 = Debug|Any CPU
		{E998AD58-97A2-42E4-A6D1-B2A7FCCE16D2}.ExportDebug|Any CPU.ActiveCfg = ExportDebug|Any CPU
		{E998AD58-97A2-42E4-A6D1-B2A7FCCE16D2}.ExportDebug|Any CPU.Build.0 = ExportDebug|Any CPU
		{E998AD58-97A2-42E4-A6D1-B2A7FCCE16D2}.ExportRelease|Any CPU.ActiveCfg = ExportRelease|Any CPU
		{E998AD58-97A2-42E4-A6D1-B2A7FCCE16D2}.ExportRelease|Any CPU.Build.0 = ExportRelease|Any CPU
	EndGlobalSection
EndGlobal
